
Microsoft Visual Studio Solution File, Format Version 12.00
# Visual Studio 15
VisualStudioVersion = 15.0.28010.2036
MinimumVisualStudioVersion = 10.0.40219.1
Project("{FAE04EC0-301F-11D3-BF4B-00C04F79EFBC}") = "HW2_Game", "HW2_Game\HW2_Game.csproj", "{9FB4EBF0-05B6-4609-B3BA-A8EA7AA6F31C}"
EndProject
Project("{FAE04EC0-301F-11D3-BF4B-00C04F79EFBC}") = "HW2_ParameterValue", "HW2_ParameterValue\HW2_ParameterValue.csproj", "{BA124ED8-C437-453C-8081-499A7AF0514A}"
EndProject
Global
	GlobalSection(SolutionConfigurationPlatforms) = preSolution
		Debug|Any CPU = Debug|Any CPU
		Release|Any CPU = Release|Any CPU
	EndGlobalSection
	GlobalSection(ProjectConfigurationPlatforms) = postSolution
		{9FB4EBF0-05B6-4609-B3BA-A8EA7AA6F31C}.Debug|Any CPU.ActiveCfg = Debug|Any CPU
		{9FB4EBF0-05B6-4609-B3BA-A8EA7AA6F31C}.Debug|Any CPU.Build.0 = Debug|Any CPU
		{9FB4EBF0-05B6-4609-B3BA-A8EA7AA6F31C}.Release|Any CPU.ActiveCfg = Release|Any CPU
		{9FB4EBF0-05B6-4609-B3BA-A8EA7AA6F31C}.Release|Any CPU.Build.0 = Release|Any CPU
		{BA124ED8-C437-453C-8081-499A7AF0514A}.Debug|Any CPU.ActiveCfg = Debug|Any CPU
		{BA124ED8-C437-453C-8081-499A7AF0514A}.Debug|Any CPU.Build.0 = Debug|Any CPU
		{BA124ED8-C437-453C-8081-499A7AF0514A}.Release|Any CPU.ActiveCfg = Release|Any CPU
		{BA124ED8-C437-453C-8081-499A7AF0514A}.Release|Any CPU.Build.0 = Release|Any CPU
	EndGlobalSection
	GlobalSection(SolutionProperties) = preSolution
		HideSolutionNode = FALSE
	EndGlobalSection
	GlobalSection(ExtensibilityGlobals) = postSolution
		SolutionGuid = {3CF2F584-4E84-41F4-8B4F-604B9F68EA1B}
	EndGlobalSection
EndGlobal
