
Microsoft Visual Studio Solution File, Format Version 12.00
# Visual Studio 15
VisualStudioVersion = 15.0.28010.2036
MinimumVisualStudioVersion = 10.0.40219.1
Project("{FAE04EC0-301F-11D3-BF4B-00C04F79EFBC}") = "HW2_Game", "HomeWork2\HW2_Game.csproj", "{D5A034F3-600E-427B-8584-A7CDF3D3E124}"
EndProject
Project("{FAE04EC0-301F-11D3-BF4B-00C04F79EFBC}") = "HW2_ParameterValue", "HW2_ParameterValue\HW2_ParameterValue.csproj", "{B6AEC56D-864F-4E26-9D43-64E3D63D6815}"
EndProject
Global
	GlobalSection(SolutionConfigurationPlatforms) = preSolution
		Debug|Any CPU = Debug|Any CPU
		Release|Any CPU = Release|Any CPU
	EndGlobalSection
	GlobalSection(ProjectConfigurationPlatforms) = postSolution
		{D5A034F3-600E-427B-8584-A7CDF3D3E124}.Debug|Any CPU.ActiveCfg = Debug|Any CPU
		{D5A034F3-600E-427B-8584-A7CDF3D3E124}.Debug|Any CPU.Build.0 = Debug|Any CPU
		{D5A034F3-600E-427B-8584-A7CDF3D3E124}.Release|Any CPU.ActiveCfg = Release|Any CPU
		{D5A034F3-600E-427B-8584-A7CDF3D3E124}.Release|Any CPU.Build.0 = Release|Any CPU
		{B6AEC56D-864F-4E26-9D43-64E3D63D6815}.Debug|Any CPU.ActiveCfg = Debug|Any CPU
		{B6AEC56D-864F-4E26-9D43-64E3D63D6815}.Debug|Any CPU.Build.0 = Debug|Any CPU
		{B6AEC56D-864F-4E26-9D43-64E3D63D6815}.Release|Any CPU.ActiveCfg = Release|Any CPU
		{B6AEC56D-864F-4E26-9D43-64E3D63D6815}.Release|Any CPU.Build.0 = Release|Any CPU
	EndGlobalSection
	GlobalSection(SolutionProperties) = preSolution
		HideSolutionNode = FALSE
	EndGlobalSection
	GlobalSection(ExtensibilityGlobals) = postSolution
		SolutionGuid = {2928486F-D726-4CAC-B029-0A8470FC34FA}
	EndGlobalSection
EndGlobal
